schema: '2.0'
stages:
  data_preparation:
    cmd: python src/data_preparation.py
    deps:
    - path: data/raw/real_estate.csv
      hash: md5
      md5: 3f0e40254be0c71161a59324c9c1ce62
      size: 12418840
    - path: src/data_preparation.py
      hash: md5
      md5: c6a568cb366b97e3833975bc6a5c9386
      size: 4033
    params:
      params.yaml:
        Data_Preparation.random_state: 40
        Data_Preparation.test_size: 0.2
    outs:
    - path: data/interim/test.csv
      hash: md5
      md5: 6fc85750d07d6cfe575ecbaaafa6c554
      size: 880180
    - path: data/interim/train.csv
      hash: md5
      md5: ce6eca52bf11770f23d3bd7720cc4c16
      size: 3526050
  data_preprocessing:
    cmd: python src/data_preprocessing.py
    deps:
    - path: data/interim/test.csv
      hash: md5
      md5: 6fc85750d07d6cfe575ecbaaafa6c554
      size: 880180
    - path: data/interim/train.csv
      hash: md5
      md5: ce6eca52bf11770f23d3bd7720cc4c16
      size: 3526050
    - path: src/data_preprocessing.py
      hash: md5
      md5: ef57f0fa4d23dceaea69d2897526f288
      size: 6191
    outs:
    - path: data/processed/test_trans.csv
      hash: md5
      md5: c6d12a994f4ff9d7110eb2c17c65b71f
      size: 1015609
    - path: data/processed/train_trans.csv
      hash: md5
      md5: 3a98773266cb81bc01acf134b75913a8
      size: 4059614
    - path: models/preprocesser.joblib
      hash: md5
      md5: 49830d011f868b6ae7141ba7a92cb2db
      size: 30739
  train:
    cmd: python src/modeling/train.py
    deps:
    - path: data/processed/test_trans.csv
      hash: md5
      md5: c6d12a994f4ff9d7110eb2c17c65b71f
      size: 1015609
    - path: data/processed/train_trans.csv
      hash: md5
      md5: 3a98773266cb81bc01acf134b75913a8
      size: 4059614
    - path: models/preprocesser.joblib
      hash: md5
      md5: 49830d011f868b6ae7141ba7a92cb2db
      size: 30739
    - path: src/modeling/train.py
      hash: md5
      md5: 71406a4e2128873311988c9a7ed8eddb
      size: 4283
    outs:
    - path: models/log_transformer.joblib
      hash: md5
      md5: cfd0fc367923f77a550fd3d02147dd27
      size: 281
    - path: models/model.joblib
      hash: md5
      md5: 59d2dffce58050437d4ff1c762767e0f
      size: 928184
  evaluate:
    cmd: python src/modeling/evaluation.py
    deps:
    - path: data/processed/test_trans.csv
      hash: md5
      md5: c6d12a994f4ff9d7110eb2c17c65b71f
      size: 1015609
    - path: data/processed/train_trans.csv
      hash: md5
      md5: 3a98773266cb81bc01acf134b75913a8
      size: 4059614
    - path: models/model.joblib
      hash: md5
      md5: 59d2dffce58050437d4ff1c762767e0f
      size: 928184
    - path: src/modeling/evaluation.py
      hash: md5
      md5: b5badcc7c0c9cba700e5a9997fc6c180
      size: 6229
    outs:
    - path: run_information.json
      hash: md5
      md5: 2b56a35467cc87c2868cec9bb3db299a
      size: 223
  model_registry:
    cmd: python src/modeling/model_registry.py
    deps:
    - path: run_information.json
      hash: md5
      md5: 2b56a35467cc87c2868cec9bb3db299a
      size: 223
    - path: src/modeling/model_registry.py
      hash: md5
      md5: e8070ec98afd116a514a0c4c6e4c554d
      size: 2379
