schema: '2.0'
stages:
  data_preparation:
    cmd: python src/data_preparation.py
    deps:
    - path: data/raw/real_estate.csv
      hash: md5
      md5: 028e0322da537d7277a4cb90f45da58f
      size: 11837088
    - path: src/data_preparation.py
      hash: md5
      md5: c6a568cb366b97e3833975bc6a5c9386
      size: 4033
    params:
      params.yaml:
        Data_Preparation.random_state: 42
        Data_Preparation.test_size: 0.2
    outs:
    - path: data/interim/test.csv
      hash: md5
      md5: bb23680e4ebe4060278e1e0fbc2b363a
      size: 817003
    - path: data/interim/train.csv
      hash: md5
      md5: 0a278814befa6afd5c227d4384fc65dd
      size: 3270344
  data_preprocessing:
    cmd: python src/data_preprocessing.py
    deps:
    - path: data/interim/test.csv
      hash: md5
      md5: bb23680e4ebe4060278e1e0fbc2b363a
      size: 817003
    - path: data/interim/train.csv
      hash: md5
      md5: 0a278814befa6afd5c227d4384fc65dd
      size: 3270344
    - path: src/data_preprocessing.py
      hash: md5
      md5: 2b354176c3cbc9a9a0dfe337ec3e1e5e
      size: 6625
    outs:
    - path: data/processed/test_trans.csv
      hash: md5
      md5: d045bb53d54702a039ac447fe6bb01db
      size: 1010649
    - path: data/processed/train_trans.csv
      hash: md5
      md5: cfeb9afc7d1cebe70aaa1fdb08d886ae
      size: 4039478
    - path: models/preprocesser.joblib
      hash: md5
      md5: ae08e62ab3b07bfab71332c9c2eee70b
      size: 30563
  train:
    cmd: python src/modeling/train.py
    deps:
    - path: data/processed/test_trans.csv
      hash: md5
      md5: d045bb53d54702a039ac447fe6bb01db
      size: 1010649
    - path: data/processed/train_trans.csv
      hash: md5
      md5: cfeb9afc7d1cebe70aaa1fdb08d886ae
      size: 4039478
    - path: models/preprocesser.joblib
      hash: md5
      md5: ae08e62ab3b07bfab71332c9c2eee70b
      size: 30563
    - path: src/modeling/train.py
      hash: md5
      md5: 71406a4e2128873311988c9a7ed8eddb
      size: 4283
    outs:
    - path: models/log_transformer.joblib
      hash: md5
      md5: cfd0fc367923f77a550fd3d02147dd27
      size: 281
    - path: models/model.joblib
      hash: md5
      md5: 17c36f996d227765fa21104a5d219faa
      size: 1056728
  evaluate:
    cmd: python src/modeling/evaluation.py
    deps:
    - path: data/processed/test_trans.csv
      hash: md5
      md5: d045bb53d54702a039ac447fe6bb01db
      size: 1010649
    - path: data/processed/train_trans.csv
      hash: md5
      md5: cfeb9afc7d1cebe70aaa1fdb08d886ae
      size: 4039478
    - path: models/model.joblib
      hash: md5
      md5: 17c36f996d227765fa21104a5d219faa
      size: 1056728
    - path: src/modeling/evaluation.py
      hash: md5
      md5: b5badcc7c0c9cba700e5a9997fc6c180
      size: 6229
    outs:
    - path: run_information.json
      hash: md5
      md5: db53192516b2f27810db89123c38f79f
      size: 223
  model_registry:
    cmd: python src/modeling/model_registry.py
    deps:
    - path: run_information.json
      hash: md5
      md5: db53192516b2f27810db89123c38f79f
      size: 223
    - path: src/modeling/model_registry.py
      hash: md5
      md5: e8070ec98afd116a514a0c4c6e4c554d
      size: 2379
